// !$*UTF8*$!
{
	archiveVersion = 1;
	classes = {
	};
	objectVersion = 50;
	objects = {

/* Begin PBXBuildFile section */
		D4BAF73D23A6463000E7D707 /* AppDelegate.swift in Sources */ = {isa = PBXBuildFile; fileRef = D4BAF73C23A6463000E7D707 /* AppDelegate.swift */; };
		D4BAF73F23A6463000E7D707 /* SceneDelegate.swift in Sources */ = {isa = PBXBuildFile; fileRef = D4BAF73E23A6463000E7D707 /* SceneDelegate.swift */; };
		D4BAF74123A6463000E7D707 /* AlarmListViewController.swift in Sources */ = {isa = PBXBuildFile; fileRef = D4BAF74023A6463000E7D707 /* AlarmListViewController.swift */; };
		D4BAF74323A6463000E7D707 /* TimerViewController.swift in Sources */ = {isa = PBXBuildFile; fileRef = D4BAF74223A6463000E7D707 /* TimerViewController.swift */; };
		D4BAF74623A6463000E7D707 /* Main.storyboard in Resources */ = {isa = PBXBuildFile; fileRef = D4BAF74423A6463000E7D707 /* Main.storyboard */; };
		D4BAF74823A6463100E7D707 /* Assets.xcassets in Resources */ = {isa = PBXBuildFile; fileRef = D4BAF74723A6463100E7D707 /* Assets.xcassets */; };
		D4BAF74B23A6463100E7D707 /* LaunchScreen.storyboard in Resources */ = {isa = PBXBuildFile; fileRef = D4BAF74923A6463100E7D707 /* LaunchScreen.storyboard */; };
		D4C44B8E23B8B143001BC694 /* AlarmSettingViewController.swift in Sources */ = {isa = PBXBuildFile; fileRef = D4C44B8D23B8B143001BC694 /* AlarmSettingViewController.swift */; };
		D4D0CE7823B9BC6200245AF5 /* AlarmManager.swift in Sources */ = {isa = PBXBuildFile; fileRef = D4D0CE7723B9BC6200245AF5 /* AlarmManager.swift */; };
		D4D0CE7A23B9C95300245AF5 /* Alarm.swift in Sources */ = {isa = PBXBuildFile; fileRef = D4D0CE7923B9C95300245AF5 /* Alarm.swift */; };
/* End PBXBuildFile section */

/* Begin PBXFileReference section */
		D4BAF73923A6463000E7D707 /* SampleClock.app */ = {isa = PBXFileReference; explicitFileType = wrapper.application; includeInIndex = 0; path = SampleClock.app; sourceTree = BUILT_PRODUCTS_DIR; };
		D4BAF73C23A6463000E7D707 /* AppDelegate.swift */ = {isa = PBXFileReference; lastKnownFileType = sourcecode.swift; path = AppDelegate.swift; sourceTree = "<group>"; };
		D4BAF73E23A6463000E7D707 /* SceneDelegate.swift */ = {isa = PBXFileReference; lastKnownFileType = sourcecode.swift; path = SceneDelegate.swift; sourceTree = "<group>"; };
		D4BAF74023A6463000E7D707 /* AlarmListViewController.swift */ = {isa = PBXFileReference; lastKnownFileType = sourcecode.swift; path = AlarmListViewController.swift; sourceTree = "<group>"; };
		D4BAF74223A6463000E7D707 /* TimerViewController.swift */ = {isa = PBXFileReference; lastKnownFileType = sourcecode.swift; path = TimerViewController.swift; sourceTree = "<group>"; };
		D4BAF74523A6463000E7D707 /* Base */ = {isa = PBXFileReference; lastKnownFileType = file.storyboard; name = Base; path = Base.lproj/Main.storyboard; sourceTree = "<group>"; };
		D4BAF74723A6463100E7D707 /* Assets.xcassets */ = {isa = PBXFileReference; lastKnownFileType = folder.assetcatalog; path = Assets.xcassets; sourceTree = "<group>"; };
		D4BAF74A23A6463100E7D707 /* Base */ = {isa = PBXFileReference; lastKnownFileType = file.storyboard; name = Base; path = Base.lproj/LaunchScreen.storyboard; sourceTree = "<group>"; };
		D4BAF74C23A6463100E7D707 /* Info.plist */ = {isa = PBXFileReference; lastKnownFileType = text.plist.xml; path = Info.plist; sourceTree = "<group>"; };
		D4C44B8D23B8B143001BC694 /* AlarmSettingViewController.swift */ = {isa = PBXFileReference; lastKnownFileType = sourcecode.swift; path = AlarmSettingViewController.swift; sourceTree = "<group>"; };
		D4D0CE7723B9BC6200245AF5 /* AlarmManager.swift */ = {isa = PBXFileReference; lastKnownFileType = sourcecode.swift; path = AlarmManager.swift; sourceTree = "<group>"; };
		D4D0CE7923B9C95300245AF5 /* Alarm.swift */ = {isa = PBXFileReference; lastKnownFileType = sourcecode.swift; path = Alarm.swift; sourceTree = "<group>"; };
/* End PBXFileReference section */

/* Begin PBXFrameworksBuildPhase section */
		D4BAF73623A6463000E7D707 /* Frameworks */ = {
			isa = PBXFrameworksBuildPhase;
			buildActionMask = 2147483647;
			files = (
			);
			runOnlyForDeploymentPostprocessing = 0;
		};
/* End PBXFrameworksBuildPhase section */

/* Begin PBXGroup section */
		D4BAF73023A6463000E7D707 = {
			isa = PBXGroup;
			children = (
				D4BAF73B23A6463000E7D707 /* SampleClock */,
				D4BAF73A23A6463000E7D707 /* Products */,
			);
			sourceTree = "<group>";
		};
		D4BAF73A23A6463000E7D707 /* Products */ = {
			isa = PBXGroup;
			children = (
				D4BAF73923A6463000E7D707 /* SampleClock.app */,
			);
			name = Products;
			sourceTree = "<group>";
		};
		D4BAF73B23A6463000E7D707 /* SampleClock */ = {
			isa = PBXGroup;
			children = (
				D4BAF73C23A6463000E7D707 /* AppDelegate.swift */,
				D4BAF73E23A6463000E7D707 /* SceneDelegate.swift */,
				D4D0CE7923B9C95300245AF5 /* Alarm.swift */,
				D4D0CE7723B9BC6200245AF5 /* AlarmManager.swift */,
				D4C44B8D23B8B143001BC694 /* AlarmSettingViewController.swift */,
				D4BAF74023A6463000E7D707 /* AlarmListViewController.swift */,
				D4BAF74223A6463000E7D707 /* TimerViewController.swift */,
				D4BAF74423A6463000E7D707 /* Main.storyboard */,
				D4BAF74723A6463100E7D707 /* Assets.xcassets */,
				D4BAF74923A6463100E7D707 /* LaunchScreen.storyboard */,
				D4BAF74C23A6463100E7D707 /* Info.plist */,
			);
			path = SampleClock;
			sourceTree = "<group>";
		};
/* End PBXGroup section */

/* Begin PBXNativeTarget section */
		D4BAF73823A6463000E7D707 /* SampleClock */ = {
			isa = PBXNativeTarget;
			buildConfigurationList = D4BAF74F23A6463100E7D707 /* Build configuration list for PBXNativeTarget "SampleClock" */;
			buildPhases = (
				D4BAF73523A6463000E7D707 /* Sources */,
				D4BAF73623A6463000E7D707 /* Frameworks */,
				D4BAF73723A6463000E7D707 /* Resources */,
			);
			buildRules = (
			);
			dependencies = (
			);
			name = SampleClock;
			productName = SampleClock;
			productReference = D4BAF73923A6463000E7D707 /* SampleClock.app */;
			productType = "com.apple.product-type.application";
		};
/* End PBXNativeTarget section */

/* Begin PBXProject section */
		D4BAF73123A6463000E7D707 /* Project object */ = {
			isa = PBXProject;
			attributes = {
				LastSwiftUpdateCheck = 1120;
				LastUpgradeCheck = 1120;
				ORGANIZATIONNAME = "Kazuki Hamada";
				TargetAttributes = {
					D4BAF73823A6463000E7D707 = {
						CreatedOnToolsVersion = 11.2.1;
					};
				};
			};
			buildConfigurationList = D4BAF73423A6463000E7D707 /* Build configuration list for PBXProject "SampleClock" */;
			compatibilityVersion = "Xcode 9.3";
			developmentRegion = en;
			hasScannedForEncodings = 0;
			knownRegions = (
				en,
				Base,
			);
			mainGroup = D4BAF73023A6463000E7D707;
			productRefGroup = D4BAF73A23A6463000E7D707 /* Products */;
			projectDirPath = "";
			projectRoot = "";
			targets = (
				D4BAF73823A6463000E7D707 /* SampleClock */,
			);
		};
/* End PBXProject section */

/* Begin PBXResourcesBuildPhase section */
		D4BAF73723A6463000E7D707 /* Resources */ = {
			isa = PBXResourcesBuildPhase;
			buildActionMask = 2147483647;
			files = (
				D4BAF74B23A6463100E7D707 /* LaunchScreen.storyboard in Resources */,
				D4BAF74823A6463100E7D707 /* Assets.xcassets in Resources */,
				D4BAF74623A6463000E7D707 /* Main.storyboard in Resources */,
			);
			runOnlyForDeploymentPostprocessing = 0;
		};
/* End PBXResourcesBuildPhase section */

/* Begin PBXSourcesBuildPhase section */
		D4BAF73523A6463000E7D707 /* Sources */ = {
			isa = PBXSourcesBuildPhase;
			buildActionMask = 2147483647;
			files = (
				D4BAF74323A6463000E7D707 /* TimerViewController.swift in Sources */,
				D4BAF74123A6463000E7D707 /* AlarmListViewController.swift in Sources */,
				D4C44B8E23B8B143001BC694 /* AlarmSettingViewController.swift in Sources */,
				D4BAF73D23A6463000E7D707 /* AppDelegate.swift in Sources */,
				D4BAF73F23A6463000E7D707 /* SceneDelegate.swift in Sources */,
				D4D0CE7A23B9C95300245AF5 /* Alarm.swift in Sources */,
				D4D0CE7823B9BC6200245AF5 /* AlarmManager.swift in Sources */,
			);
			runOnlyForDeploymentPostprocessing = 0;
		};
/* End PBXSourcesBuildPhase section */

/* Begin PBXVariantGroup section */
		D4BAF74423A6463000E7D707 /* Main.storyboard */ = {
			isa = PBXVariantGroup;
			children = (
				D4BAF74523A6463000E7D707 /* Base */,
			);
			name = Main.storyboard;
			sourceTree = "<group>";
		};
		D4BAF74923A6463100E7D707 /* LaunchScreen.storyboard */ = {
			isa = PBXVariantGroup;
			children = (
				D4BAF74A23A6463100E7D707 /* Base */,
			);
			name = LaunchScreen.storyboard;
			sourceTree = "<group>";
		};
/* End PBXVariantGroup section */

/* Begin XCBuildConfiguration section */
		D4BAF74D23A6463100E7D707 /* Debug */ = {
			isa = XCBuildConfiguration;
			buildSettings = {
				ALWAYS_SEARCH_USER_PATHS = NO;
				CLANG_ANALYZER_NONNULL = YES;
				CLANG_ANALYZER_NUMBER_OBJECT_CONVERSION = YES_AGGRESSIVE;
				CLANG_CXX_LANGUAGE_STANDARD = "gnu++14";
				CLANG_CXX_LIBRARY = "libc++";
				CLANG_ENABLE_MODULES = YES;
				CLANG_ENABLE_OBJC_ARC = YES;
				CLANG_ENABLE_OBJC_WEAK = YES;
				CLANG_WARN_BLOCK_CAPTURE_AUTORELEASING = YES;
				CLANG_WARN_BOOL_CONVERSION = YES;
				CLANG_WARN_COMMA = YES;
				CLANG_WARN_CONSTANT_CONVERSION = YES;
				CLANG_WARN_DEPRECATED_OBJC_IMPLEMENTATIONS = YES;
				CLANG_WARN_DIRECT_OBJC_ISA_USAGE = YES_ERROR;
				CLANG_WARN_DOCUMENTATION_COMMENTS = YES;
				CLANG_WARN_EMPTY_BODY = YES;
				CLANG_WARN_ENUM_CONVERSION = YES;
				CLANG_WARN_INFINITE_RECURSION = YES;
				CLANG_WARN_INT_CONVERSION = YES;
				CLANG_WARN_NON_LITERAL_NULL_CONVERSION = YES;
				CLANG_WARN_OBJC_IMPLICIT_RETAIN_SELF = YES;
				CLANG_WARN_OBJC_LITERAL_CONVERSION = YES;
				CLANG_WARN_OBJC_ROOT_CLASS = YES_ERROR;
				CLANG_WARN_RANGE_LOOP_ANALYSIS = YES;
				CLANG_WARN_STRICT_PROTOTYPES = YES;
				CLANG_WARN_SUSPICIOUS_MOVE = YES;
				CLANG_WARN_UNGUARDED_AVAILABILITY = YES_AGGRESSIVE;
				CLANG_WARN_UNREACHABLE_CODE = YES;
				CLANG_WARN__DUPLICATE_METHOD_MATCH = YES;
				COPY_PHASE_STRIP = NO;
				DEBUG_INFORMATION_FORMAT = dwarf;
				ENABLE_STRICT_OBJC_MSGSEND = YES;
				ENABLE_TESTABILITY = YES;
				GCC_C_LANGUAGE_STANDARD = gnu11;
				GCC_DYNAMIC_NO_PIC = NO;
				GCC_NO_COMMON_BLOCKS = YES;
				GCC_OPTIMIZATION_LEVEL = 0;
				GCC_PREPROCESSOR_DEFINITIONS = (
					"DEBUG=1",
					"$(inherited)",
				);
				GCC_WARN_64_TO_32_BIT_CONVERSION = YES;
				GCC_WARN_ABOUT_RETURN_TYPE = YES_ERROR;
				GCC_WARN_UNDECLARED_SELECTOR = YES;
				GCC_WARN_UNINITIALIZED_AUTOS = YES_AGGRESSIVE;
				GCC_WARN_UNUSED_FUNCTION = YES;
				GCC_WARN_UNUSED_VARIABLE = YES;
				IPHONEOS_DEPLOYMENT_TARGET = 13.2;
				MTL_ENABLE_DEBUG_INFO = INCLUDE_SOURCE;
				MTL_FAST_MATH = YES;
				ONLY_ACTIVE_ARCH = YES;
				SDKROOT = iphoneos;
				SWIFT_ACTIVE_COMPILATION_CONDITIONS = DEBUG;
				SWIFT_OPTIMIZATION_LEVEL = "-Onone";
			};
			name = Debug;
		};
		D4BAF74E23A6463100E7D707 /* Release */ = {
			isa = XCBuildConfiguration;
			buildSettings = {
				ALWAYS_SEARCH_USER_PATHS = NO;
				CLANG_ANALYZER_NONNULL = YES;
				CLANG_ANALYZER_NUMBER_OBJECT_CONVERSION = YES_AGGRESSIVE;
				CLANG_CXX_LANGUAGE_STANDARD = "gnu++14";
				CLANG_CXX_LIBRARY = "libc++";
				CLANG_ENABLE_MODULES = YES;
				CLANG_ENABLE_OBJC_ARC = YES;
				CLANG_ENABLE_OBJC_WEAK = YES;
				CLANG_WARN_BLOCK_CAPTURE_AUTORELEASING = YES;
				CLANG_WARN_BOOL_CONVERSION = YES;
				CLANG_WARN_COMMA = YES;
				CLANG_WARN_CONSTANT_CONVERSION = YES;
				CLANG_WARN_DEPRECATED_OBJC_IMPLEMENTATIONS = YES;
				CLANG_WARN_DIRECT_OBJC_ISA_USAGE = YES_ERROR;
				CLANG_WARN_DOCUMENTATION_COMMENTS = YES;
				CLANG_WARN_EMPTY_BODY = YES;
				CLANG_WARN_ENUM_CONVERSION = YES;
				CLANG_WARN_INFINITE_RECURSION = YES;
				CLANG_WARN_INT_CONVERSION = YES;
				CLANG_WARN_NON_LITERAL_NULL_CONVERSION = YES;
				CLANG_WARN_OBJC_IMPLICIT_RETAIN_SELF = YES;
				CLANG_WARN_OBJC_LITERAL_CONVERSION = YES;
				CLANG_WARN_OBJC_ROOT_CLASS = YES_ERROR;
				CLANG_WARN_RANGE_LOOP_ANALYSIS = YES;
				CLANG_WARN_STRICT_PROTOTYPES = YES;
				CLANG_WARN_SUSPICIOUS_MOVE = YES;
				CLANG_WARN_UNGUARDED_AVAILABILITY = YES_AGGRESSIVE;
				CLANG_WARN_UNREACHABLE_CODE = YES;
				CLANG_WARN__DUPLICATE_METHOD_MATCH = YES;
				COPY_PHASE_STRIP = NO;
				DEBUG_INFORMATION_FORMAT = "dwarf-with-dsym";
				ENABLE_NS_ASSERTIONS = NO;
				ENABLE_STRICT_OBJC_MSGSEND = YES;
				GCC_C_LANGUAGE_STANDARD = gnu11;
				GCC_NO_COMMON_BLOCKS = YES;
				GCC_WARN_64_TO_32_BIT_CONVERSION = YES;
				GCC_WARN_ABOUT_RETURN_TYPE = YES_ERROR;
				GCC_WARN_UNDECLARED_SELECTOR = YES;
				GCC_WARN_UNINITIALIZED_AUTOS = YES_AGGRESSIVE;
				GCC_WARN_UNUSED_FUNCTION = YES;
				GCC_WARN_UNUSED_VARIABLE = YES;
				IPHONEOS_DEPLOYMENT_TARGET = 13.2;
				MTL_ENABLE_DEBUG_INFO = NO;
				MTL_FAST_MATH = YES;
				SDKROOT = iphoneos;
				SWIFT_COMPILATION_MODE = wholemodule;
				SWIFT_OPTIMIZATION_LEVEL = "-O";
				VALIDATE_PRODUCT = YES;
			};
			name = Release;
		};
		D4BAF75023A6463100E7D707 /* Debug */ = {
			isa = XCBuildConfiguration;
			buildSettings = {
				ASSETCATALOG_COMPILER_APPICON_NAME = AppIcon;
				CODE_SIGN_STYLE = Automatic;
				DEVELOPMENT_TEAM = CNH8YYWFE2;
				INFOPLIST_FILE = SampleClock/Info.plist;
				LD_RUNPATH_SEARCH_PATHS = (
					"$(inherited)",
					"@executable_path/Frameworks",
				);
				PRODUCT_BUNDLE_IDENTIFIER = com.kazukima9376.SampleClock;
				PRODUCT_NAME = "$(TARGET_NAME)";
				SWIFT_VERSION = 5.0;
				TARGETED_DEVICE_FAMILY = "1,2";
			};
			name = Debug;
		};
		D4BAF75123A6463100E7D707 /* Release */ = {
			isa = XCBuildConfiguration;
			buildSettings = {
				ASSETCATALOG_COMPILER_APPICON_NAME = AppIcon;
				CODE_SIGN_STYLE = Automatic;
				DEVELOPMENT_TEAM = CNH8YYWFE2;
				INFOPLIST_FILE = SampleClock/Info.plist;
				LD_RUNPATH_SEARCH_PATHS = (
					"$(inherited)",
					"@executable_path/Frameworks",
				);
				PRODUCT_BUNDLE_IDENTIFIER = com.kazukima9376.SampleClock;
				PRODUCT_NAME = "$(TARGET_NAME)";
				SWIFT_VERSION = 5.0;
				TARGETED_DEVICE_FAMILY = "1,2";
			};
			name = Release;
		};
/* End XCBuildConfiguration section */

/* Begin XCConfigurationList section */
		D4BAF73423A6463000E7D707 /* Build configuration list for PBXProject "SampleClock" */ = {
			isa = XCConfigurationList;
			buildConfigurations = (
				D4BAF74D23A6463100E7D707 /* Debug */,
				D4BAF74E23A6463100E7D707 /* Release */,
			);
			defaultConfigurationIsVisible = 0;
			defaultConfigurationName = Release;
		};
		D4BAF74F23A6463100E7D707 /* Build configuration list for PBXNativeTarget "SampleClock" */ = {
			isa = XCConfigurationList;
			buildConfigurations = (
				D4BAF75023A6463100E7D707 /* Debug */,
				D4BAF75123A6463100E7D707 /* Release */,
			);
			defaultConfigurationIsVisible = 0;
			defaultConfigurationName = Release;
		};
/* End XCConfigurationList section */
	};
	rootObject = D4BAF73123A6463000E7D707 /* Project object */;
}
